Microsoft Visual Studio Solution File, Format Version 12.00
# Visual Studio Version 16
VisualStudioVersion = 16.0.29215.179
MinimumVisualStudioVersion = 10.0.40219.1
Project("{9A19103F-16F7-4668-BE54-9A1E7A4F7556}") = "CocktailMagician.Data", "CocktailMagician.Data\CocktailMagician.Data.csproj", "{50FED06C-E0CB-4BD2-AC86-B49083DA9308}"
EndProject
Project("{9A19103F-16F7-4668-BE54-9A1E7A4F7556}") = "CocktailMagician.Web", "CocktailMagician.Web\CocktailMagician.Web.csproj", "{CF78CD7F-5981-4DF3-B752-E8AC1B1AC798}"
EndProject
Project("{9A19103F-16F7-4668-BE54-9A1E7A4F7556}") = "CocktailMagician.Services", "CocktailMagician.Services\CocktailMagician.Services.csproj", "{2C06A021-0423-4A10-B2CC-DD3C87C0E71A}"
EndProject
Project("{FAE04EC0-301F-11D3-BF4B-00C04F79EFBC}") = "CocktailMagician.Services.UnitTests", "CocktailMagician.Services.UnitTests\CocktailMagician.Services.UnitTests.csproj", "{7DECF7F7-8611-4921-AC50-E3D569ED3E0A}"
EndProject
Global
	GlobalSection(SolutionConfigurationPlatforms) = preSolution
		Debug|Any CPU = Debug|Any CPU
		Release|Any CPU = Release|Any CPU
	EndGlobalSection
	GlobalSection(ProjectConfigurationPlatforms) = postSolution
		{50FED06C-E0CB-4BD2-AC86-B49083DA9308}.Debug|Any CPU.ActiveCfg = Debug|Any CPU
		{50FED06C-E0CB-4BD2-AC86-B49083DA9308}.Debug|Any CPU.Build.0 = Debug|Any CPU
		{50FED06C-E0CB-4BD2-AC86-B49083DA9308}.Release|Any CPU.ActiveCfg = Release|Any CPU
		{50FED06C-E0CB-4BD2-AC86-B49083DA9308}.Release|Any CPU.Build.0 = Release|Any CPU
		{CF78CD7F-5981-4DF3-B752-E8AC1B1AC798}.Debug|Any CPU.ActiveCfg = Debug|Any CPU
		{CF78CD7F-5981-4DF3-B752-E8AC1B1AC798}.Debug|Any CPU.Build.0 = Debug|Any CPU
		{CF78CD7F-5981-4DF3-B752-E8AC1B1AC798}.Release|Any CPU.ActiveCfg = Release|Any CPU
		{CF78CD7F-5981-4DF3-B752-E8AC1B1AC798}.Release|Any CPU.Build.0 = Release|Any CPU
		{2C06A021-0423-4A10-B2CC-DD3C87C0E71A}.Debug|Any CPU.ActiveCfg = Debug|Any CPU
		{2C06A021-0423-4A10-B2CC-DD3C87C0E71A}.Debug|Any CPU.Build.0 = Debug|Any CPU
		{2C06A021-0423-4A10-B2CC-DD3C87C0E71A}.Release|Any CPU.ActiveCfg = Release|Any CPU
		{2C06A021-0423-4A10-B2CC-DD3C87C0E71A}.Release|Any CPU.Build.0 = Release|Any CPU
		{7DECF7F7-8611-4921-AC50-E3D569ED3E0A}.Debug|Any CPU.ActiveCfg = Debug|Any CPU
		{7DECF7F7-8611-4921-AC50-E3D569ED3E0A}.Debug|Any CPU.Build.0 = Debug|Any CPU
		{7DECF7F7-8611-4921-AC50-E3D569ED3E0A}.Release|Any CPU.ActiveCfg = Release|Any CPU
		{7DECF7F7-8611-4921-AC50-E3D569ED3E0A}.Release|Any CPU.Build.0 = Release|Any CPU
	EndGlobalSection
	GlobalSection(SolutionProperties) = preSolution
		HideSolutionNode = FALSE
	EndGlobalSection
	GlobalSection(ExtensibilityGlobals) = postSolution
		SolutionGuid = {4FD54C90-21A1-40E2-9B6D-F30DE59CDB15}
	EndGlobalSection
EndGlobal
