
Microsoft Visual Studio Solution File, Format Version 12.00
# Visual Studio 15
Project("{FAE04EC0-301F-11D3-BF4B-00C04F79EFBC}") = "CocktailMagician.Data", "CocktailMagician.Data\CocktailMagician.Data.csproj", "{50FED06C-E0CB-4BD2-AC86-B49083DA9308}"
EndProject
Project("{FAE04EC0-301F-11D3-BF4B-00C04F79EFBC}") = "CocktailMagician.Web", "CocktailMagician.Web\CocktailMagician.Web.csproj", "{CF78CD7F-5981-4DF3-B752-E8AC1B1AC798}"
EndProject
Project("{FAE04EC0-301F-11D3-BF4B-00C04F79EFBC}") = "CocktailMagician.Services", "CocktailMagician.Services\CocktailMagician.Services.csproj", "{2C06A021-0423-4A10-B2CC-DD3C87C0E71A}"
EndProject
Global
	GlobalSection(SolutionConfigurationPlatforms) = preSolution
		Debug|Any CPU = Debug|Any CPU
		Release|Any CPU = Release|Any CPU
	EndGlobalSection
	GlobalSection(ProjectConfigurationPlatforms) = postSolution
		{50FED06C-E0CB-4BD2-AC86-B49083DA9308}.Debug|Any CPU.ActiveCfg = Debug|Any CPU
		{50FED06C-E0CB-4BD2-AC86-B49083DA9308}.Debug|Any CPU.Build.0 = Debug|Any CPU
		{50FED06C-E0CB-4BD2-AC86-B49083DA9308}.Release|Any CPU.ActiveCfg = Release|Any CPU
		{50FED06C-E0CB-4BD2-AC86-B49083DA9308}.Release|Any CPU.Build.0 = Release|Any CPU
		{CF78CD7F-5981-4DF3-B752-E8AC1B1AC798}.Debug|Any CPU.ActiveCfg = Debug|Any CPU
		{CF78CD7F-5981-4DF3-B752-E8AC1B1AC798}.Debug|Any CPU.Build.0 = Debug|Any CPU
		{CF78CD7F-5981-4DF3-B752-E8AC1B1AC798}.Release|Any CPU.ActiveCfg = Release|Any CPU
		{CF78CD7F-5981-4DF3-B752-E8AC1B1AC798}.Release|Any CPU.Build.0 = Release|Any CPU
		{2C06A021-0423-4A10-B2CC-DD3C87C0E71A}.Debug|Any CPU.ActiveCfg = Debug|Any CPU
		{2C06A021-0423-4A10-B2CC-DD3C87C0E71A}.Debug|Any CPU.Build.0 = Debug|Any CPU
		{2C06A021-0423-4A10-B2CC-DD3C87C0E71A}.Release|Any CPU.ActiveCfg = Release|Any CPU
		{2C06A021-0423-4A10-B2CC-DD3C87C0E71A}.Release|Any CPU.Build.0 = Release|Any CPU
	EndGlobalSection
EndGlobal
